<?xml version="1.0" encoding="utf-8"?>
<Project ToolsVersion="4.0" xmlns="http://schemas.microsoft.com/developer/msbuild/2003">
  <ItemGroup>
    <ClCompile Include="src\signalrlib\HttpConnection.cpp">
      <Filter>src\signalrlib</Filter>
    </ClCompile>
    <ClCompile Include="src\signalrlib\Source.cpp">
      <Filter>src\signalrlib</Filter>
    </ClCompile>
    <ClCompile Include="src\signalrlib\WebSocketsTransport.cpp">
      <Filter>src\signalrlib</Filter>
    </ClCompile>
  </ItemGroup>
  <ItemGroup>
    <ClInclude Include="src\signalrlib\HttpConnection.h">
      <Filter>src\signalrlib</Filter>
    </ClInclude>
    <ClInclude Include="src\signalrlib\WebSocketsTransport.h">
      <Filter>src\signalrlib</Filter>
    </ClInclude>
  </ItemGroup>
  <ItemGroup>
    <Filter Include="src">
      <UniqueIdentifier>{d3b9f4eb-6db9-4223-abcc-fb74bf5c52e4}</UniqueIdentifier>
    </Filter>
    <Filter Include="src\signalrlib">
      <UniqueIdentifier>{6d7d82a5-98ac-450a-a87b-d2ba478d6b20}</UniqueIdentifier>
    </Filter>
  </ItemGroup>
  <ItemGroup>
    <None Include="src\signalrlib\packages.config">
      <Filter>src\signalrlib</Filter>
    </None>
  </ItemGroup>
</Project>