
Microsoft Visual Studio Solution File, Format Version 12.00
# Visual Studio 15
VisualStudioVersion = 15.0.28010.0
MinimumVisualStudioVersion = 10.0.40219.1
Project("{FAE04EC0-301F-11D3-BF4B-00C04F79EFBC}") = "SimpleChatServer", "SimpleChatServer\SimpleChatServer.csproj", "{713662B9-D9A0-46F0-ACA7-C02BF4553A7B}"
EndProject
Global
	GlobalSection(SolutionConfigurationPlatforms) = preSolution
		Debug|Any CPU = Debug|Any CPU
		Release|Any CPU = Release|Any CPU
	EndGlobalSection
	GlobalSection(ProjectConfigurationPlatforms) = postSolution
		{713662B9-D9A0-46F0-ACA7-C02BF4553A7B}.Debug|Any CPU.ActiveCfg = Debug|Any CPU
		{713662B9-D9A0-46F0-ACA7-C02BF4553A7B}.Debug|Any CPU.Build.0 = Debug|Any CPU
		{713662B9-D9A0-46F0-ACA7-C02BF4553A7B}.Release|Any CPU.ActiveCfg = Release|Any CPU
		{713662B9-D9A0-46F0-ACA7-C02BF4553A7B}.Release|Any CPU.Build.0 = Release|Any CPU
	EndGlobalSection
	GlobalSection(SolutionProperties) = preSolution
		HideSolutionNode = FALSE
	EndGlobalSection
	GlobalSection(ExtensibilityGlobals) = postSolution
		SolutionGuid = {F0E7AC6C-B24B-4621-94A0-779B1B2E3755}
	EndGlobalSection
EndGlobal
