
Microsoft Visual Studio Solution File, Format Version 12.00
# Visual Studio 15
VisualStudioVersion = 15.0.27428.1
MinimumVisualStudioVersion = 10.0.40219.1
Project("{8BC9CEB8-8B4A-11D0-8D11-00A0C91BC942}") = "signalrlib", "src\signalrlib\signalrlib.vcxproj", "{539C5484-707E-4503-A9BC-29354D0FDD56}"
EndProject
Project("{8BC9CEB8-8B4A-11D0-8D11-00A0C91BC942}") = "ClientSample", "samples\ClientSample\ClientSample.vcxproj", "{BEC3FEA2-DD32-4B55-B27F-64A5F3DBBB46}"
EndProject
Global
	GlobalSection(SolutionConfigurationPlatforms) = preSolution
		Debug|x64 = Debug|x64
		Debug|x86 = Debug|x86
		Release|x64 = Release|x64
		Release|x86 = Release|x86
	EndGlobalSection
	GlobalSection(ProjectConfigurationPlatforms) = postSolution
		{539C5484-707E-4503-A9BC-29354D0FDD56}.Debug|x64.ActiveCfg = Debug|x64
		{539C5484-707E-4503-A9BC-29354D0FDD56}.Debug|x64.Build.0 = Debug|x64
		{539C5484-707E-4503-A9BC-29354D0FDD56}.Debug|x86.ActiveCfg = Debug|Win32
		{539C5484-707E-4503-A9BC-29354D0FDD56}.Debug|x86.Build.0 = Debug|Win32
		{539C5484-707E-4503-A9BC-29354D0FDD56}.Release|x64.ActiveCfg = Release|x64
		{539C5484-707E-4503-A9BC-29354D0FDD56}.Release|x64.Build.0 = Release|x64
		{539C5484-707E-4503-A9BC-29354D0FDD56}.Release|x86.ActiveCfg = Release|Win32
		{539C5484-707E-4503-A9BC-29354D0FDD56}.Release|x86.Build.0 = Release|Win32
		{BEC3FEA2-DD32-4B55-B27F-64A5F3DBBB46}.Debug|x64.ActiveCfg = Debug|x64
		{BEC3FEA2-DD32-4B55-B27F-64A5F3DBBB46}.Debug|x64.Build.0 = Debug|x64
		{BEC3FEA2-DD32-4B55-B27F-64A5F3DBBB46}.Debug|x86.ActiveCfg = Debug|Win32
		{BEC3FEA2-DD32-4B55-B27F-64A5F3DBBB46}.Debug|x86.Build.0 = Debug|Win32
		{BEC3FEA2-DD32-4B55-B27F-64A5F3DBBB46}.Release|x64.ActiveCfg = Release|x64
		{BEC3FEA2-DD32-4B55-B27F-64A5F3DBBB46}.Release|x64.Build.0 = Release|x64
		{BEC3FEA2-DD32-4B55-B27F-64A5F3DBBB46}.Release|x86.ActiveCfg = Release|Win32
		{BEC3FEA2-DD32-4B55-B27F-64A5F3DBBB46}.Release|x86.Build.0 = Release|Win32
	EndGlobalSection
	GlobalSection(SolutionProperties) = preSolution
		HideSolutionNode = FALSE
	EndGlobalSection
	GlobalSection(ExtensibilityGlobals) = postSolution
		SolutionGuid = {77C08F25-5F37-4516-B5AB-62F144BA9549}
	EndGlobalSection
EndGlobal
